
Microsoft Visual Studio Solution File, Format Version 12.00
# Visual Studio Version 17
VisualStudioVersion = 17.10.35013.160
MinimumVisualStudioVersion = 10.0.40219.1
Project("{FAE04EC0-301F-11D3-BF4B-00C04F79EFBC}") = "APIBIM", "APIBIM\APIBIM.csproj", "{679D1C84-3D28-448B-AF03-C745894A0854}"
EndProject
Global
	GlobalSection(SolutionConfigurationPlatforms) = preSolution
		Debug|Any CPU = Debug|Any CPU
		Release|Any CPU = Release|Any CPU
	EndGlobalSection
	GlobalSection(ProjectConfigurationPlatforms) = postSolution
		{679D1C84-3D28-448B-AF03-C745894A0854}.Debug|Any CPU.ActiveCfg = Debug|Any CPU
		{679D1C84-3D28-448B-AF03-C745894A0854}.Debug|Any CPU.Build.0 = Debug|Any CPU
		{679D1C84-3D28-448B-AF03-C745894A0854}.Release|Any CPU.ActiveCfg = Release|Any CPU
		{679D1C84-3D28-448B-AF03-C745894A0854}.Release|Any CPU.Build.0 = Release|Any CPU
	EndGlobalSection
	GlobalSection(SolutionProperties) = preSolution
		HideSolutionNode = FALSE
	EndGlobalSection
	GlobalSection(ExtensibilityGlobals) = postSolution
		SolutionGuid = {D8C439B0-2FDA-414F-8542-9022ED2F6627}
	EndGlobalSection
EndGlobal
